
Microsoft Visual Studio Solution File, Format Version 12.00
Project("{FAE04EC0-301F-11D3-BF4B-00C04F79EFBC}") = "IssueHookAPI", "IssueHookAPI\IssueHookAPI.csproj", "{B693A838-A82D-42BF-9CB9-5F4E8D458BA2}"
EndProject
Project("{FAE04EC0-301F-11D3-BF4B-00C04F79EFBC}") = "TransTaskIssueGenerator", "TransTaskIssueGenerator\TransTaskIssueGenerator.csproj", "{0E7BCD7C-C2EB-4E33-88B4-D77A6379E4C8}"
EndProject
Global
	GlobalSection(SolutionConfigurationPlatforms) = preSolution
		Debug|Any CPU = Debug|Any CPU
		Release|Any CPU = Release|Any CPU
	EndGlobalSection
	GlobalSection(ProjectConfigurationPlatforms) = postSolution
		{B693A838-A82D-42BF-9CB9-5F4E8D458BA2}.Debug|Any CPU.ActiveCfg = Debug|Any CPU
		{B693A838-A82D-42BF-9CB9-5F4E8D458BA2}.Debug|Any CPU.Build.0 = Debug|Any CPU
		{B693A838-A82D-42BF-9CB9-5F4E8D458BA2}.Release|Any CPU.ActiveCfg = Release|Any CPU
		{B693A838-A82D-42BF-9CB9-5F4E8D458BA2}.Release|Any CPU.Build.0 = Release|Any CPU
		{0E7BCD7C-C2EB-4E33-88B4-D77A6379E4C8}.Debug|Any CPU.ActiveCfg = Debug|Any CPU
		{0E7BCD7C-C2EB-4E33-88B4-D77A6379E4C8}.Debug|Any CPU.Build.0 = Debug|Any CPU
		{0E7BCD7C-C2EB-4E33-88B4-D77A6379E4C8}.Release|Any CPU.ActiveCfg = Release|Any CPU
		{0E7BCD7C-C2EB-4E33-88B4-D77A6379E4C8}.Release|Any CPU.Build.0 = Release|Any CPU
	EndGlobalSection
EndGlobal
